
Microsoft Visual Studio Solution File, Format Version 12.00
# Visual Studio Version 17
VisualStudioVersion = 17.3.32929.385
MinimumVisualStudioVersion = 10.0.40219.1
Project("{FAE04EC0-301F-11D3-BF4B-00C04F79EFBC}") = "CHTLProject", "CHTLProject\CHTLProject.csproj", "{1C4189CD-91A6-49D1-A3DD-02D67FBC8E36}"
EndProject
Global
	GlobalSection(SolutionConfigurationPlatforms) = preSolution
		Debug|Any CPU = Debug|Any CPU
		Release|Any CPU = Release|Any CPU
	EndGlobalSection
	GlobalSection(ProjectConfigurationPlatforms) = postSolution
		{1C4189CD-91A6-49D1-A3DD-02D67FBC8E36}.Debug|Any CPU.ActiveCfg = Debug|Any CPU
		{1C4189CD-91A6-49D1-A3DD-02D67FBC8E36}.Debug|Any CPU.Build.0 = Debug|Any CPU
		{1C4189CD-91A6-49D1-A3DD-02D67FBC8E36}.Release|Any CPU.ActiveCfg = Release|Any CPU
		{1C4189CD-91A6-49D1-A3DD-02D67FBC8E36}.Release|Any CPU.Build.0 = Release|Any CPU
	EndGlobalSection
	GlobalSection(SolutionProperties) = preSolution
		HideSolutionNode = FALSE
	EndGlobalSection
	GlobalSection(ExtensibilityGlobals) = postSolution
		SolutionGuid = {FABB7D8F-39AE-4DED-BB9B-3C1082E0761A}
	EndGlobalSection
EndGlobal
